{
  "version": 4,
  "terraform_version": "1.12.1",
  "serial": 6,
  "lineage": "dab348e5-b82a-9849-b946-7f09418855c0",
  "outputs": {
    "bucket_name": {
      "value": "mobile-api-cicd-project-mobile-api-backups",
      "type": "string"
    },
    "database_connection": {
      "value": "mobile-api-cicd-project:europe-west1:mobile-api-db",
      "type": "string"
    },
    "production_ip": {
      "value": "34.38.164.180",
      "type": "string"
    },
    "staging_ip": {
      "value": "35.233.124.20",
      "type": "string"
    }
  },
  "resources": [
    {
      "mode": "managed",
      "type": "google_compute_firewall",
      "name": "api_firewall",
      "provider": "provider[\"registry.terraform.io/hashicorp/google\"]",
      "instances": [
        {
          "schema_version": 1,
          "attributes": {
            "allow": [
              {
                "ports": [
                  "80",
                  "443",
                  "3000",
                  "22"
                ],
                "protocol": "tcp"
              }
            ],
            "creation_timestamp": "2025-06-10T05:27:37.314-07:00",
            "deny": [],
            "description": "",
            "destination_ranges": [],
            "direction": "INGRESS",
            "disabled": false,
            "enable_logging": null,
            "id": "projects/mobile-api-cicd-project/global/firewalls/mobile-api-firewall",
            "log_config": [],
            "name": "mobile-api-firewall",
            "network": "https://www.googleapis.com/compute/v1/projects/mobile-api-cicd-project/global/networks/default",
            "priority": 1000,
            "project": "mobile-api-cicd-project",
            "self_link": "https://www.googleapis.com/compute/v1/projects/mobile-api-cicd-project/global/firewalls/mobile-api-firewall",
            "source_ranges": [
              "0.0.0.0/0"
            ],
            "source_service_accounts": null,
            "source_tags": null,
            "target_service_accounts": null,
            "target_tags": [
              "http-server",
              "https-server"
            ],
            "timeouts": null
          },
          "sensitive_attributes": [],
          "identity_schema_version": 0,
          "private": "eyJlMmJmYjczMC1lY2FhLTExZTYtOGY4OC0zNDM2M2JjN2M0YzAiOnsiY3JlYXRlIjoxMjAwMDAwMDAwMDAwLCJkZWxldGUiOjEyMDAwMDAwMDAwMDAsInVwZGF0ZSI6MTIwMDAwMDAwMDAwMH0sInNjaGVtYV92ZXJzaW9uIjoiMSJ9"
        }
      ]
    },
    {
      "mode": "managed",
      "type": "google_compute_instance",
      "name": "api_production",
      "provider": "provider[\"registry.terraform.io/hashicorp/google\"]",
      "instances": [
        {
          "schema_version": 6,
          "attributes": {
            "advanced_machine_features": [],
            "allow_stopping_for_update": null,
            "attached_disk": [],
            "boot_disk": [
              {
                "auto_delete": true,
                "device_name": "persistent-disk-0",
                "disk_encryption_key_raw": "",
                "disk_encryption_key_sha256": "",
                "initialize_params": [
                  {
                    "image": "https://www.googleapis.com/compute/v1/projects/debian-cloud/global/images/debian-11-bullseye-v20250513",
                    "labels": {},
                    "resource_manager_tags": null,
                    "size": 10,
                    "type": "pd-standard"
                  }
                ],
                "kms_key_self_link": "",
                "mode": "READ_WRITE",
                "source": "https://www.googleapis.com/compute/v1/projects/mobile-api-cicd-project/zones/europe-west1-b/disks/mobile-api-production"
              }
            ],
            "can_ip_forward": false,
            "confidential_instance_config": [],
            "cpu_platform": "Intel Broadwell",
            "current_status": "RUNNING",
            "deletion_protection": false,
            "description": "",
            "desired_status": null,
            "enable_display": false,
            "guest_accelerator": [],
            "hostname": "",
            "id": "projects/mobile-api-cicd-project/zones/europe-west1-b/instances/mobile-api-production",
            "instance_id": "1103703454500887125",
            "label_fingerprint": "42WmSpB8rSM=",
            "labels": null,
            "machine_type": "e2-small",
            "metadata": {
              "ssh-keys": "omarovic42:ssh-rsa AAAAB3NzaC1yc2EAAAADAQABAAACAQCzcsLS/4H9N+bka8KpAOIg5GDaXlzwb0/qvv4xCvmddBfcFpSiRdEjPduQNdrd01rhcsjgmhLC9HshjBeBwFrn1rPo3KEjxUT0lasaLtbRWWmgqEKaG0hX8Yoh+ULL00NCukTNkRRPz4/bSnpoWFM84eF48LQxV+U7/SP3xdxXnY+lp0gULElJbieuxUGJiYJKxcz0UTiHEAy6Olm5vQA3KCYMD9/nHOs+mAvDY7uGAERGBALLu5+MGGCQOaq1lhS0U9K4o/oJJRRVJ32/FYQNwZvR95505fTVyFMdxlATB6zRkWLcz8pKr+TM6xsQil0wcIr12rTzY/xQ+FoEY0iCyvnAv18N8cAU4UWRuvTkZsAHb/nSFSCNgeYtGshvawTkXvLMF+Z5o6BsVcWgCBOirvJGxKEnRTk12aYAVkAdn0vd15otLLGEsYORVyUmo1ExJLtZIa2LykjbQvjAnpwK7X+3eHpE92ZR8o9RjXgRloFFJhVT6b5syagj0G0Hy/0Fr6m5ZgDZ/e10CWuVrgA6YpRAmXOm+eieyq6i+9ZbBABOiXWntHCLqRZzpbR3dX3cAh2yQnbCEUXpMRvR7Go8fEOD2nYdDwEP4KdzWRTsC6afkV3rlYm1euENh3/YCse1XlhMFANY73H8L5yNbrw30PWAnaw13CbF2PtBoLtKQQ== chelsea42.om@gmail.com\r\n"
            },
            "metadata_fingerprint": "KOH9Gc3yJDU=",
            "metadata_startup_script": "apt-get update\napt-get install -y docker.io\nsystemctl start docker\nsystemctl enable docker\nusermod -aG docker omarovic42\n",
            "min_cpu_platform": "",
            "name": "mobile-api-production",
            "network_interface": [
              {
                "access_config": [
                  {
                    "nat_ip": "34.38.164.180",
                    "network_tier": "PREMIUM",
                    "public_ptr_domain_name": ""
                  }
                ],
                "alias_ip_range": [],
                "internal_ipv6_prefix_length": 0,
                "ipv6_access_config": [],
                "ipv6_access_type": "",
                "ipv6_address": "",
                "name": "nic0",
                "network": "https://www.googleapis.com/compute/v1/projects/mobile-api-cicd-project/global/networks/default",
                "network_ip": "10.132.0.2",
                "nic_type": "",
                "queue_count": 0,
                "stack_type": "IPV4_ONLY",
                "subnetwork": "https://www.googleapis.com/compute/v1/projects/mobile-api-cicd-project/regions/europe-west1/subnetworks/default",
                "subnetwork_project": "mobile-api-cicd-project"
              }
            ],
            "network_performance_config": [],
            "params": [],
            "project": "mobile-api-cicd-project",
            "reservation_affinity": [],
            "resource_policies": null,
            "scheduling": [
              {
                "automatic_restart": true,
                "instance_termination_action": "",
                "local_ssd_recovery_timeout": [],
                "min_node_cpus": 0,
                "node_affinities": [],
                "on_host_maintenance": "MIGRATE",
                "preemptible": false,
                "provisioning_model": "STANDARD"
              }
            ],
            "scratch_disk": [],
            "self_link": "https://www.googleapis.com/compute/v1/projects/mobile-api-cicd-project/zones/europe-west1-b/instances/mobile-api-production",
            "service_account": [],
            "shielded_instance_config": [
              {
                "enable_integrity_monitoring": true,
                "enable_secure_boot": false,
                "enable_vtpm": true
              }
            ],
            "tags": [
              "http-server",
              "https-server",
              "production"
            ],
            "tags_fingerprint": "uaZ453wPMTQ=",
            "timeouts": null,
            "zone": "europe-west1-b"
          },
          "sensitive_attributes": [
            [
              {
                "type": "get_attr",
                "value": "boot_disk"
              },
              {
                "type": "index",
                "value": {
                  "value": 0,
                  "type": "number"
                }
              },
              {
                "type": "get_attr",
                "value": "disk_encryption_key_raw"
              }
            ]
          ],
          "identity_schema_version": 0,
          "private": "eyJlMmJmYjczMC1lY2FhLTExZTYtOGY4OC0zNDM2M2JjN2M0YzAiOnsiY3JlYXRlIjoxMjAwMDAwMDAwMDAwLCJkZWxldGUiOjEyMDAwMDAwMDAwMDAsInVwZGF0ZSI6MTIwMDAwMDAwMDAwMH0sInNjaGVtYV92ZXJzaW9uIjoiNiJ9"
        }
      ]
    },
    {
      "mode": "managed",
      "type": "google_compute_instance",
      "name": "api_staging",
      "provider": "provider[\"registry.terraform.io/hashicorp/google\"]",
      "instances": [
        {
          "schema_version": 6,
          "attributes": {
            "advanced_machine_features": [],
            "allow_stopping_for_update": null,
            "attached_disk": [],
            "boot_disk": [
              {
                "auto_delete": true,
                "device_name": "persistent-disk-0",
                "disk_encryption_key_raw": "",
                "disk_encryption_key_sha256": "",
                "initialize_params": [
                  {
                    "image": "https://www.googleapis.com/compute/v1/projects/debian-cloud/global/images/debian-11-bullseye-v20250513",
                    "labels": {},
                    "resource_manager_tags": null,
                    "size": 10,
                    "type": "pd-standard"
                  }
                ],
                "kms_key_self_link": "",
                "mode": "READ_WRITE",
                "source": "https://www.googleapis.com/compute/v1/projects/mobile-api-cicd-project/zones/europe-west1-b/disks/mobile-api-staging"
              }
            ],
            "can_ip_forward": false,
            "confidential_instance_config": [],
            "cpu_platform": "Intel Broadwell",
            "current_status": "RUNNING",
            "deletion_protection": false,
            "description": "",
            "desired_status": null,
            "enable_display": false,
            "guest_accelerator": [],
            "hostname": "",
            "id": "projects/mobile-api-cicd-project/zones/europe-west1-b/instances/mobile-api-staging",
            "instance_id": "8267353474210306645",
            "label_fingerprint": "42WmSpB8rSM=",
            "labels": null,
            "machine_type": "e2-micro",
            "metadata": {
              "ssh-keys": "omarovic42:ssh-rsa AAAAB3NzaC1yc2EAAAADAQABAAACAQCzcsLS/4H9N+bka8KpAOIg5GDaXlzwb0/qvv4xCvmddBfcFpSiRdEjPduQNdrd01rhcsjgmhLC9HshjBeBwFrn1rPo3KEjxUT0lasaLtbRWWmgqEKaG0hX8Yoh+ULL00NCukTNkRRPz4/bSnpoWFM84eF48LQxV+U7/SP3xdxXnY+lp0gULElJbieuxUGJiYJKxcz0UTiHEAy6Olm5vQA3KCYMD9/nHOs+mAvDY7uGAERGBALLu5+MGGCQOaq1lhS0U9K4o/oJJRRVJ32/FYQNwZvR95505fTVyFMdxlATB6zRkWLcz8pKr+TM6xsQil0wcIr12rTzY/xQ+FoEY0iCyvnAv18N8cAU4UWRuvTkZsAHb/nSFSCNgeYtGshvawTkXvLMF+Z5o6BsVcWgCBOirvJGxKEnRTk12aYAVkAdn0vd15otLLGEsYORVyUmo1ExJLtZIa2LykjbQvjAnpwK7X+3eHpE92ZR8o9RjXgRloFFJhVT6b5syagj0G0Hy/0Fr6m5ZgDZ/e10CWuVrgA6YpRAmXOm+eieyq6i+9ZbBABOiXWntHCLqRZzpbR3dX3cAh2yQnbCEUXpMRvR7Go8fEOD2nYdDwEP4KdzWRTsC6afkV3rlYm1euENh3/YCse1XlhMFANY73H8L5yNbrw30PWAnaw13CbF2PtBoLtKQQ== chelsea42.om@gmail.com\r\n"
            },
            "metadata_fingerprint": "KOH9Gc3yJDU=",
            "metadata_startup_script": "apt-get update\napt-get install -y docker.io\nsystemctl start docker\nsystemctl enable docker\nusermod -aG docker omarovic42\n",
            "min_cpu_platform": "",
            "name": "mobile-api-staging",
            "network_interface": [
              {
                "access_config": [
                  {
                    "nat_ip": "35.233.124.20",
                    "network_tier": "PREMIUM",
                    "public_ptr_domain_name": ""
                  }
                ],
                "alias_ip_range": [],
                "internal_ipv6_prefix_length": 0,
                "ipv6_access_config": [],
                "ipv6_access_type": "",
                "ipv6_address": "",
                "name": "nic0",
                "network": "https://www.googleapis.com/compute/v1/projects/mobile-api-cicd-project/global/networks/default",
                "network_ip": "10.132.0.3",
                "nic_type": "",
                "queue_count": 0,
                "stack_type": "IPV4_ONLY",
                "subnetwork": "https://www.googleapis.com/compute/v1/projects/mobile-api-cicd-project/regions/europe-west1/subnetworks/default",
                "subnetwork_project": "mobile-api-cicd-project"
              }
            ],
            "network_performance_config": [],
            "params": [],
            "project": "mobile-api-cicd-project",
            "reservation_affinity": [],
            "resource_policies": null,
            "scheduling": [
              {
                "automatic_restart": true,
                "instance_termination_action": "",
                "local_ssd_recovery_timeout": [],
                "min_node_cpus": 0,
                "node_affinities": [],
                "on_host_maintenance": "MIGRATE",
                "preemptible": false,
                "provisioning_model": "STANDARD"
              }
            ],
            "scratch_disk": [],
            "self_link": "https://www.googleapis.com/compute/v1/projects/mobile-api-cicd-project/zones/europe-west1-b/instances/mobile-api-staging",
            "service_account": [],
            "shielded_instance_config": [
              {
                "enable_integrity_monitoring": true,
                "enable_secure_boot": false,
                "enable_vtpm": true
              }
            ],
            "tags": [
              "http-server",
              "https-server",
              "staging"
            ],
            "tags_fingerprint": "G248ZXbyHuU=",
            "timeouts": null,
            "zone": "europe-west1-b"
          },
          "sensitive_attributes": [
            [
              {
                "type": "get_attr",
                "value": "boot_disk"
              },
              {
                "type": "index",
                "value": {
                  "value": 0,
                  "type": "number"
                }
              },
              {
                "type": "get_attr",
                "value": "disk_encryption_key_raw"
              }
            ]
          ],
          "identity_schema_version": 0,
          "private": "eyJlMmJmYjczMC1lY2FhLTExZTYtOGY4OC0zNDM2M2JjN2M0YzAiOnsiY3JlYXRlIjoxMjAwMDAwMDAwMDAwLCJkZWxldGUiOjEyMDAwMDAwMDAwMDAsInVwZGF0ZSI6MTIwMDAwMDAwMDAwMH0sInNjaGVtYV92ZXJzaW9uIjoiNiJ9"
        }
      ]
    },
    {
      "mode": "managed",
      "type": "google_sql_database_instance",
      "name": "api_db",
      "provider": "provider[\"registry.terraform.io/hashicorp/google\"]",
      "instances": [
        {
          "schema_version": 0,
          "attributes": {
            "available_maintenance_versions": [],
            "clone": [],
            "connection_name": "mobile-api-cicd-project:europe-west1:mobile-api-db",
            "database_version": "POSTGRES_13",
            "deletion_protection": true,
            "dns_name": "",
            "encryption_key_name": null,
            "first_ip_address": "34.78.200.188",
            "id": "mobile-api-db",
            "instance_type": "CLOUD_SQL_INSTANCE",
            "ip_address": [
              {
                "ip_address": "34.78.200.188",
                "time_to_retire": "",
                "type": "PRIMARY"
              },
              {
                "ip_address": "34.79.55.73",
                "time_to_retire": "",
                "type": "OUTGOING"
              }
            ],
            "maintenance_version": "POSTGRES_13_21.R20250302.00_31",
            "master_instance_name": "",
            "name": "mobile-api-db",
            "private_ip_address": "",
            "project": "mobile-api-cicd-project",
            "psc_service_attachment_link": "",
            "public_ip_address": "34.78.200.188",
            "region": "europe-west1",
            "replica_configuration": [],
            "restore_backup_context": [],
            "root_password": null,
            "self_link": "https://sqladmin.googleapis.com/sql/v1beta4/projects/mobile-api-cicd-project/instances/mobile-api-db",
            "server_ca_cert": [
              {
                "cert": "-----BEGIN CERTIFICATE-----\nMIIDfzCCAmegAwIBAgIBADANBgkqhkiG9w0BAQsFADB3MS0wKwYDVQQuEyRiYzky\nODgyZi0yZmE3LTQyMGQtYTE5OC1mZjM2YTg1MDBkMjMxIzAhBgNVBAMTGkdvb2ds\nZSBDbG91ZCBTUUwgU2VydmVyIENBMRQwEgYDVQQKEwtHb29nbGUsIEluYzELMAkG\nA1UEBhMCVVMwHhcNMjUwNjEwMTIyODMwWhcNMzUwNjA4MTIyOTMwWjB3MS0wKwYD\nVQQuEyRiYzkyODgyZi0yZmE3LTQyMGQtYTE5OC1mZjM2YTg1MDBkMjMxIzAhBgNV\nBAMTGkdvb2dsZSBDbG91ZCBTUUwgU2VydmVyIENBMRQwEgYDVQQKEwtHb29nbGUs\nIEluYzELMAkGA1UEBhMCVVMwggEiMA0GCSqGSIb3DQEBAQUAA4IBDwAwggEKAoIB\nAQCpvjWsgi6FTnvz2DPqFFUh7isVMvxnTIZbFq+hn/bOUPZ+JIY9lnZ3415Ph+xq\nYxKHX1zSeMJ5zk3JVdcrhZQxsF33Abi4zmJRCO+s+1zt8NS+I5AhgGNDtWutiRMc\njaXOOjrAClQxJ+QKLQSRbSkWePvpuvmskJTjA6lsBKGuUdzw2qdrjkHZRucK0gmm\nMdTuQXqzDwcOqmXAYYTW0bzTqfvyv8+1jhYrQ1VFSDDtzOVXZ4TjKiWIJwVqA/Iq\n75P2hCl8ujtRt+AHuAlLdnVcBVXeI/WR2sIG1wrSxdci+epuDElkK8vk8m1gNseY\nP5ZrKjv3uatVIKKSnumwqC4zAgMBAAGjFjAUMBIGA1UdEwEB/wQIMAYBAf8CAQAw\nDQYJKoZIhvcNAQELBQADggEBAD3PO79P+MVhAc26p7AxZjKJMhqx1evjVQLeE6zf\nww0X3UJUK9jGgOQ8u/9oiPLGMFNnybYVqtDRUm77Allrs6KA/o3Pb4FOEtldVHJT\n7f0G2KbroLbifY5quoMLvOIAcH9V/1+vchL2q6c4YPyJ5ylhmd0NsjSfQ3ksDcUC\nSq+f04kEx6ooTp2hyA0puGSzkWES7s2FT0p/a/2ogZloSmv5tnyokZ5iFHYsSeYm\nx1Zq5favd848WEX46hyb7HhrFLV+9ztEB0zRQH+hmykigXxWdgoDP+K1aVymWQNH\nzGC2M9avn81dMZ0e3F9K/CBNkwlxQuCMXLnehUga27P/LdY=\n-----END CERTIFICATE-----",
                "common_name": "C=US,O=Google\\, Inc,CN=Google Cloud SQL Server CA,dnQualifier=bc92882f-2fa7-420d-a198-ff36a8500d23",
                "create_time": "2025-06-10T12:28:30.293Z",
                "expiration_time": "2035-06-08T12:29:30.293Z",
                "sha1_fingerprint": "c562fd3a685633937771c4c85374290dfbf82180"
              }
            ],
            "service_account_email_address": "p420606859539-xjvntw@gcp-sa-cloud-sql.iam.gserviceaccount.com",
            "settings": [
              {
                "activation_policy": "ALWAYS",
                "active_directory_config": [],
                "advanced_machine_features": [],
                "availability_type": "ZONAL",
                "backup_configuration": [
                  {
                    "backup_retention_settings": [
                      {
                        "retained_backups": 7,
                        "retention_unit": "COUNT"
                      }
                    ],
                    "binary_log_enabled": false,
                    "enabled": true,
                    "location": "",
                    "point_in_time_recovery_enabled": false,
                    "start_time": "03:00",
                    "transaction_log_retention_days": 7
                  }
                ],
                "collation": "",
                "connector_enforcement": "NOT_REQUIRED",
                "data_cache_config": [],
                "database_flags": [],
                "deletion_protection_enabled": false,
                "deny_maintenance_period": [],
                "disk_autoresize": true,
                "disk_autoresize_limit": 0,
                "disk_size": 10,
                "disk_type": "PD_SSD",
                "edition": "",
                "insights_config": [],
                "ip_configuration": [
                  {
                    "allocated_ip_range": "",
                    "authorized_networks": [],
                    "enable_private_path_for_google_cloud_services": false,
                    "ipv4_enabled": true,
                    "private_network": "",
                    "psc_config": [],
                    "require_ssl": false
                  }
                ],
                "location_preference": [
                  {
                    "follow_gae_application": "",
                    "secondary_zone": "",
                    "zone": "europe-west1-d"
                  }
                ],
                "maintenance_window": [],
                "password_validation_policy": [],
                "pricing_plan": "PER_USE",
                "sql_server_audit_config": [],
                "tier": "db-f1-micro",
                "time_zone": "",
                "user_labels": {},
                "version": 1
              }
            ],
            "timeouts": null
          },
          "sensitive_attributes": [
            [
              {
                "type": "get_attr",
                "value": "root_password"
              }
            ]
          ],
          "identity_schema_version": 0,
          "private": "eyJlMmJmYjczMC1lY2FhLTExZTYtOGY4OC0zNDM2M2JjN2M0YzAiOnsiY3JlYXRlIjoyNDAwMDAwMDAwMDAwLCJkZWxldGUiOjE4MDAwMDAwMDAwMDAsInVwZGF0ZSI6MTgwMDAwMDAwMDAwMH19"
        }
      ]
    },
    {
      "mode": "managed",
      "type": "google_storage_bucket",
      "name": "api_backups",
      "provider": "provider[\"registry.terraform.io/hashicorp/google\"]",
      "instances": [
        {
          "schema_version": 0,
          "attributes": {
            "autoclass": [],
            "cors": [],
            "custom_placement_config": [],
            "default_event_based_hold": false,
            "encryption": [],
            "force_destroy": true,
            "id": "mobile-api-cicd-project-mobile-api-backups",
            "labels": {},
            "lifecycle_rule": [
              {
                "action": [
                  {
                    "storage_class": "",
                    "type": "Delete"
                  }
                ],
                "condition": [
                  {
                    "age": 30,
                    "created_before": "",
                    "custom_time_before": "",
                    "days_since_custom_time": 0,
                    "days_since_noncurrent_time": 0,
                    "matches_prefix": [],
                    "matches_storage_class": [],
                    "matches_suffix": [],
                    "noncurrent_time_before": "",
                    "num_newer_versions": 0,
                    "with_state": "ANY"
                  }
                ]
              }
            ],
            "location": "EUROPE-WEST1",
            "logging": [],
            "name": "mobile-api-cicd-project-mobile-api-backups",
            "project": "mobile-api-cicd-project",
            "public_access_prevention": "inherited",
            "requester_pays": false,
            "retention_policy": [],
            "self_link": "https://www.googleapis.com/storage/v1/b/mobile-api-cicd-project-mobile-api-backups",
            "soft_delete_policy": [
              {
                "effective_time": "2025-06-10T12:27:37.067Z",
                "retention_duration_seconds": 604800
              }
            ],
            "storage_class": "STANDARD",
            "timeouts": null,
            "uniform_bucket_level_access": false,
            "url": "gs://mobile-api-cicd-project-mobile-api-backups",
            "versioning": [
              {
                "enabled": true
              }
            ],
            "website": []
          },
          "sensitive_attributes": [],
          "identity_schema_version": 0,
          "private": "eyJlMmJmYjczMC1lY2FhLTExZTYtOGY4OC0zNDM2M2JjN2M0YzAiOnsiY3JlYXRlIjo2MDAwMDAwMDAwMDAsInJlYWQiOjI0MDAwMDAwMDAwMCwidXBkYXRlIjoyNDAwMDAwMDAwMDB9fQ=="
        }
      ]
    }
  ],
  "check_results": null
}
